// !$*UTF8*$!
{
	archiveVersion = 1;
	classes = {
	};
	objectVersion = 46;
	objects = {

/* Begin PBXBuildFile section */
		9B71B5B318B5D36500AD39B2 /* Foundation.framework in Frameworks */ = {isa = PBXBuildFile; fileRef = 9B71B5B218B5D36500AD39B2 /* Foundation.framework */; };
		9B71B5B518B5D36500AD39B2 /* CoreGraphics.framework in Frameworks */ = {isa = PBXBuildFile; fileRef = 9B71B5B418B5D36500AD39B2 /* CoreGraphics.framework */; };
		9B71B5B718B5D36500AD39B2 /* UIKit.framework in Frameworks */ = {isa = PBXBuildFile; fileRef = 9B71B5B618B5D36500AD39B2 /* UIKit.framework */; };
		9B71B5BD18B5D36500AD39B2 /* InfoPlist.strings in Resources */ = {isa = PBXBuildFile; fileRef = 9B71B5BB18B5D36500AD39B2 /* InfoPlist.strings */; };
		9B71B5BF18B5D36500AD39B2 /* main.m in Sources */ = {isa = PBXBuildFile; fileRef = 9B71B5BE18B5D36500AD39B2 /* main.m */; };
		9B71B5C318B5D36500AD39B2 /* AppDelegate.m in Sources */ = {isa = PBXBuildFile; fileRef = 9B71B5C218B5D36500AD39B2 /* AppDelegate.m */; };
		9B71B5C618B5D36500AD39B2 /* Main_iPhone.storyboard in Resources */ = {isa = PBXBuildFile; fileRef = 9B71B5C418B5D36500AD39B2 /* Main_iPhone.storyboard */; };
		9B71B5C918B5D36500AD39B2 /* Main_iPad.storyboard in Resources */ = {isa = PBXBuildFile; fileRef = 9B71B5C718B5D36500AD39B2 /* Main_iPad.storyboard */; };
		9B71B5CC18B5D36500AD39B2 /* MasterViewController.m in Sources */ = {isa = PBXBuildFile; fileRef = 9B71B5CB18B5D36500AD39B2 /* MasterViewController.m */; };
		9B71B5CF18B5D36500AD39B2 /* DetailViewController.m in Sources */ = {isa = PBXBuildFile; fileRef = 9B71B5CE18B5D36500AD39B2 /* DetailViewController.m */; };
		9B71B5D118B5D36500AD39B2 /* Images.xcassets in Resources */ = {isa = PBXBuildFile; fileRef = 9B71B5D018B5D36500AD39B2 /* Images.xcassets */; };
		9B71B5D818B5D36500AD39B2 /* XCTest.framework in Frameworks */ = {isa = PBXBuildFile; fileRef = 9B71B5D718B5D36500AD39B2 /* XCTest.framework */; };
		9B71B5D918B5D36500AD39B2 /* Foundation.framework in Frameworks */ = {isa = PBXBuildFile; fileRef = 9B71B5B218B5D36500AD39B2 /* Foundation.framework */; };
		9B71B5DA18B5D36500AD39B2 /* UIKit.framework in Frameworks */ = {isa = PBXBuildFile; fileRef = 9B71B5B618B5D36500AD39B2 /* UIKit.framework */; };
		9B71B5E218B5D36500AD39B2 /* InfoPlist.strings in Resources */ = {isa = PBXBuildFile; fileRef = 9B71B5E018B5D36500AD39B2 /* InfoPlist.strings */; };
		9B71B5E418B5D36500AD39B2 /* MarciiTests.m in Sources */ = {isa = PBXBuildFile; fileRef = 9B71B5E318B5D36500AD39B2 /* MarciiTests.m */; };
/* End PBXBuildFile section */

/* Begin PBXContainerItemProxy section */
		9B71B5DB18B5D36500AD39B2 /* PBXContainerItemProxy */ = {
			isa = PBXContainerItemProxy;
			containerPortal = 9B71B5A718B5D36500AD39B2 /* Project object */;
			proxyType = 1;
			remoteGlobalIDString = 9B71B5AE18B5D36500AD39B2;
			remoteInfo = Marcii;
		};
/* End PBXContainerItemProxy section */

/* Begin PBXFileReference section */
		9B71B5AF18B5D36500AD39B2 /* Marcii.app */ = {isa = PBXFileReference; explicitFileType = wrapper.application; includeInIndex = 0; path = Marcii.app; sourceTree = BUILT_PRODUCTS_DIR; };
		9B71B5B218B5D36500AD39B2 /* Foundation.framework */ = {isa = PBXFileReference; lastKnownFileType = wrapper.framework; name = Foundation.framework; path = System/Library/Frameworks/Foundation.framework; sourceTree = SDKROOT; };
		9B71B5B418B5D36500AD39B2 /* CoreGraphics.framework */ = {isa = PBXFileReference; lastKnownFileType = wrapper.framework; name = CoreGraphics.framework; path = System/Library/Frameworks/CoreGraphics.framework; sourceTree = SDKROOT; };
		9B71B5B618B5D36500AD39B2 /* UIKit.framework */ = {isa = PBXFileReference; lastKnownFileType = wrapper.framework; name = UIKit.framework; path = System/Library/Frameworks/UIKit.framework; sourceTree = SDKROOT; };
		9B71B5BA18B5D36500AD39B2 /* Marcii-Info.plist */ = {isa = PBXFileReference; lastKnownFileType = text.plist.xml; path = "Marcii-Info.plist"; sourceTree = "<group>"; };
		9B71B5BC18B5D36500AD39B2 /* en */ = {isa = PBXFileReference; lastKnownFileType = text.plist.strings; name = en; path = en.lproj/InfoPlist.strings; sourceTree = "<group>"; };
		9B71B5BE18B5D36500AD39B2 /* main.m */ = {isa = PBXFileReference; lastKnownFileType = sourcecode.c.objc; path = main.m; sourceTree = "<group>"; };
		9B71B5C018B5D36500AD39B2 /* Marcii-Prefix.pch */ = {isa = PBXFileReference; lastKnownFileType = sourcecode.c.h; path = "Marcii-Prefix.pch"; sourceTree = "<group>"; };
		9B71B5C118B5D36500AD39B2 /* AppDelegate.h */ = {isa = PBXFileReference; lastKnownFileType = sourcecode.c.h; path = AppDelegate.h; sourceTree = "<group>"; };
		9B71B5C218B5D36500AD39B2 /* AppDelegate.m */ = {isa = PBXFileReference; lastKnownFileType = sourcecode.c.objc; path = AppDelegate.m; sourceTree = "<group>"; };
		9B71B5C518B5D36500AD39B2 /* Base */ = {isa = PBXFileReference; lastKnownFileType = file.storyboard; name = Base; path = Base.lproj/Main_iPhone.storyboard; sourceTree = "<group>"; };
		9B71B5C818B5D36500AD39B2 /* Base */ = {isa = PBXFileReference; lastKnownFileType = file.storyboard; name = Base; path = Base.lproj/Main_iPad.storyboard; sourceTree = "<group>"; };
		9B71B5CA18B5D36500AD39B2 /* MasterViewController.h */ = {isa = PBXFileReference; lastKnownFileType = sourcecode.c.h; path = MasterViewController.h; sourceTree = "<group>"; };
		9B71B5CB18B5D36500AD39B2 /* MasterViewController.m */ = {isa = PBXFileReference; lastKnownFileType = sourcecode.c.objc; path = MasterViewController.m; sourceTree = "<group>"; };
		9B71B5CD18B5D36500AD39B2 /* DetailViewController.h */ = {isa = PBXFileReference; lastKnownFileType = sourcecode.c.h; path = DetailViewController.h; sourceTree = "<group>"; };
		9B71B5CE18B5D36500AD39B2 /* DetailViewController.m */ = {isa = PBXFileReference; lastKnownFileType = sourcecode.c.objc; path = DetailViewController.m; sourceTree = "<group>"; };
		9B71B5D018B5D36500AD39B2 /* Images.xcassets */ = {isa = PBXFileReference; lastKnownFileType = folder.assetcatalog; path = Images.xcassets; sourceTree = "<group>"; };
		9B71B5D618B5D36500AD39B2 /* MarciiTests.xctest */ = {isa = PBXFileReference; explicitFileType = wrapper.cfbundle; includeInIndex = 0; path = MarciiTests.xctest; sourceTree = BUILT_PRODUCTS_DIR; };
		9B71B5D718B5D36500AD39B2 /* XCTest.framework */ = {isa = PBXFileReference; lastKnownFileType = wrapper.framework; name = XCTest.framework; path = Library/Frameworks/XCTest.framework; sourceTree = DEVELOPER_DIR; };
		9B71B5DF18B5D36500AD39B2 /* MarciiTests-Info.plist */ = {isa = PBXFileReference; lastKnownFileType = text.plist.xml; path = "MarciiTests-Info.plist"; sourceTree = "<group>"; };
		9B71B5E118B5D36500AD39B2 /* en */ = {isa = PBXFileReference; lastKnownFileType = text.plist.strings; name = en; path = en.lproj/InfoPlist.strings; sourceTree = "<group>"; };
		9B71B5E318B5D36500AD39B2 /* MarciiTests.m */ = {isa = PBXFileReference; lastKnownFileType = sourcecode.c.objc; path = MarciiTests.m; sourceTree = "<group>"; };
/* End PBXFileReference section */

/* Begin PBXFrameworksBuildPhase section */
		9B71B5AC18B5D36500AD39B2 /* Frameworks */ = {
			isa = PBXFrameworksBuildPhase;
			buildActionMask = 2147483647;
			files = (
				9B71B5B518B5D36500AD39B2 /* CoreGraphics.framework in Frameworks */,
				9B71B5B718B5D36500AD39B2 /* UIKit.framework in Frameworks */,
				9B71B5B318B5D36500AD39B2 /* Foundation.framework in Frameworks */,
			);
			runOnlyForDeploymentPostprocessing = 0;
		};
		9B71B5D318B5D36500AD39B2 /* Frameworks */ = {
			isa = PBXFrameworksBuildPhase;
			buildActionMask = 2147483647;
			files = (
				9B71B5D818B5D36500AD39B2 /* XCTest.framework in Frameworks */,
				9B71B5DA18B5D36500AD39B2 /* UIKit.framework in Frameworks */,
				9B71B5D918B5D36500AD39B2 /* Foundation.framework in Frameworks */,
			);
			runOnlyForDeploymentPostprocessing = 0;
		};
/* End PBXFrameworksBuildPhase section */

/* Begin PBXGroup section */
		9B71B5A618B5D36500AD39B2 = {
			isa = PBXGroup;
			children = (
				9B71B5B818B5D36500AD39B2 /* Marcii */,
				9B71B5DD18B5D36500AD39B2 /* MarciiTests */,
				9B71B5B118B5D36500AD39B2 /* Frameworks */,
				9B71B5B018B5D36500AD39B2 /* Products */,
			);
			sourceTree = "<group>";
		};
		9B71B5B018B5D36500AD39B2 /* Products */ = {
			isa = PBXGroup;
			children = (
				9B71B5AF18B5D36500AD39B2 /* Marcii.app */,
				9B71B5D618B5D36500AD39B2 /* MarciiTests.xctest */,
			);
			name = Products;
			sourceTree = "<group>";
		};
		9B71B5B118B5D36500AD39B2 /* Frameworks */ = {
			isa = PBXGroup;
			children = (
				9B71B5B218B5D36500AD39B2 /* Foundation.framework */,
				9B71B5B418B5D36500AD39B2 /* CoreGraphics.framework */,
				9B71B5B618B5D36500AD39B2 /* UIKit.framework */,
				9B71B5D718B5D36500AD39B2 /* XCTest.framework */,
			);
			name = Frameworks;
			sourceTree = "<group>";
		};
		9B71B5B818B5D36500AD39B2 /* Marcii */ = {
			isa = PBXGroup;
			children = (
				9B71B5C118B5D36500AD39B2 /* AppDelegate.h */,
				9B71B5C218B5D36500AD39B2 /* AppDelegate.m */,
				9B71B5C418B5D36500AD39B2 /* Main_iPhone.storyboard */,
				9B71B5C718B5D36500AD39B2 /* Main_iPad.storyboard */,
				9B71B5CA18B5D36500AD39B2 /* MasterViewController.h */,
				9B71B5CB18B5D36500AD39B2 /* MasterViewController.m */,
				9B71B5CD18B5D36500AD39B2 /* DetailViewController.h */,
				9B71B5CE18B5D36500AD39B2 /* DetailViewController.m */,
				9B71B5D018B5D36500AD39B2 /* Images.xcassets */,
				9B71B5B918B5D36500AD39B2 /* Supporting Files */,
			);
			path = Marcii;
			sourceTree = "<group>";
		};
		9B71B5B918B5D36500AD39B2 /* Supporting Files */ = {
			isa = PBXGroup;
			children = (
				9B71B5BA18B5D36500AD39B2 /* Marcii-Info.plist */,
				9B71B5BB18B5D36500AD39B2 /* InfoPlist.strings */,
				9B71B5BE18B5D36500AD39B2 /* main.m */,
				9B71B5C018B5D36500AD39B2 /* Marcii-Prefix.pch */,
			);
			name = "Supporting Files";
			sourceTree = "<group>";
		};
		9B71B5DD18B5D36500AD39B2 /* MarciiTests */ = {
			isa = PBXGroup;
			children = (
				9B71B5E318B5D36500AD39B2 /* MarciiTests.m */,
				9B71B5DE18B5D36500AD39B2 /* Supporting Files */,
			);
			path = MarciiTests;
			sourceTree = "<group>";
		};
		9B71B5DE18B5D36500AD39B2 /* Supporting Files */ = {
			isa = PBXGroup;
			children = (
				9B71B5DF18B5D36500AD39B2 /* MarciiTests-Info.plist */,
				9B71B5E018B5D36500AD39B2 /* InfoPlist.strings */,
			);
			name = "Supporting Files";
			sourceTree = "<group>";
		};
/* End PBXGroup section */

/* Begin PBXNativeTarget section */
		9B71B5AE18B5D36500AD39B2 /* Marcii */ = {
			isa = PBXNativeTarget;
			buildConfigurationList = 9B71B5E718B5D36500AD39B2 /* Build configuration list for PBXNativeTarget "Marcii" */;
			buildPhases = (
				9B71B5AB18B5D36500AD39B2 /* Sources */,
				9B71B5AC18B5D36500AD39B2 /* Frameworks */,
				9B71B5AD18B5D36500AD39B2 /* Resources */,
			);
			buildRules = (
			);
			dependencies = (
			);
			name = Marcii;
			productName = Marcii;
			productReference = 9B71B5AF18B5D36500AD39B2 /* Marcii.app */;
			productType = "com.apple.product-type.application";
		};
		9B71B5D518B5D36500AD39B2 /* MarciiTests */ = {
			isa = PBXNativeTarget;
			buildConfigurationList = 9B71B5EA18B5D36500AD39B2 /* Build configuration list for PBXNativeTarget "MarciiTests" */;
			buildPhases = (
				9B71B5D218B5D36500AD39B2 /* Sources */,
				9B71B5D318B5D36500AD39B2 /* Frameworks */,
				9B71B5D418B5D36500AD39B2 /* Resources */,
			);
			buildRules = (
			);
			dependencies = (
				9B71B5DC18B5D36500AD39B2 /* PBXTargetDependency */,
			);
			name = MarciiTests;
			productName = MarciiTests;
			productReference = 9B71B5D618B5D36500AD39B2 /* MarciiTests.xctest */;
			productType = "com.apple.product-type.bundle.unit-test";
		};
/* End PBXNativeTarget section */

/* Begin PBXProject section */
		9B71B5A718B5D36500AD39B2 /* Project object */ = {
			isa = PBXProject;
			attributes = {
				LastUpgradeCheck = 0500;
				ORGANIZATIONNAME = "Paul Benoit";
				TargetAttributes = {
					9B71B5D518B5D36500AD39B2 = {
						TestTargetID = 9B71B5AE18B5D36500AD39B2;
					};
				};
			};
			buildConfigurationList = 9B71B5AA18B5D36500AD39B2 /* Build configuration list for PBXProject "Marcii" */;
			compatibilityVersion = "Xcode 3.2";
			developmentRegion = English;
			hasScannedForEncodings = 0;
			knownRegions = (
				en,
				Base,
			);
			mainGroup = 9B71B5A618B5D36500AD39B2;
			productRefGroup = 9B71B5B018B5D36500AD39B2 /* Products */;
			projectDirPath = "";
			projectRoot = "";
			targets = (
				9B71B5AE18B5D36500AD39B2 /* Marcii */,
				9B71B5D518B5D36500AD39B2 /* MarciiTests */,
			);
		};
/* End PBXProject section */

/* Begin PBXResourcesBuildPhase section */
		9B71B5AD18B5D36500AD39B2 /* Resources */ = {
			isa = PBXResourcesBuildPhase;
			buildActionMask = 2147483647;
			files = (
				9B71B5C918B5D36500AD39B2 /* Main_iPad.storyboard in Resources */,
				9B71B5D118B5D36500AD39B2 /* Images.xcassets in Resources */,
				9B71B5C618B5D36500AD39B2 /* Main_iPhone.storyboard in Resources */,
				9B71B5BD18B5D36500AD39B2 /* InfoPlist.strings in Resources */,
			);
			runOnlyForDeploymentPostprocessing = 0;
		};
		9B71B5D418B5D36500AD39B2 /* Resources */ = {
			isa = PBXResourcesBuildPhase;
			buildActionMask = 2147483647;
			files = (
				9B71B5E218B5D36500AD39B2 /* InfoPlist.strings in Resources */,
			);
			runOnlyForDeploymentPostprocessing = 0;
		};
/* End PBXResourcesBuildPhase section */

/* Begin PBXSourcesBuildPhase section */
		9B71B5AB18B5D36500AD39B2 /* Sources */ = {
			isa = PBXSourcesBuildPhase;
			buildActionMask = 2147483647;
			files = (
				9B71B5C318B5D36500AD39B2 /* AppDelegate.m in Sources */,
				9B71B5CC18B5D36500AD39B2 /* MasterViewController.m in Sources */,
				9B71B5BF18B5D36500AD39B2 /* main.m in Sources */,
				9B71B5CF18B5D36500AD39B2 /* DetailViewController.m in Sources */,
			);
			runOnlyForDeploymentPostprocessing = 0;
		};
		9B71B5D218B5D36500AD39B2 /* Sources */ = {
			isa = PBXSourcesBuildPhase;
			buildActionMask = 2147483647;
			files = (
				9B71B5E418B5D36500AD39B2 /* MarciiTests.m in Sources */,
			);
			runOnlyForDeploymentPostprocessing = 0;
		};
/* End PBXSourcesBuildPhase section */

/* Begin PBXTargetDependency section */
		9B71B5DC18B5D36500AD39B2 /* PBXTargetDependency */ = {
			isa = PBXTargetDependency;
			target = 9B71B5AE18B5D36500AD39B2 /* Marcii */;
			targetProxy = 9B71B5DB18B5D36500AD39B2 /* PBXContainerItemProxy */;
		};
/* End PBXTargetDependency section */

/* Begin PBXVariantGroup section */
		9B71B5BB18B5D36500AD39B2 /* InfoPlist.strings */ = {
			isa = PBXVariantGroup;
			children = (
				9B71B5BC18B5D36500AD39B2 /* en */,
			);
			name = InfoPlist.strings;
			sourceTree = "<group>";
		};
		9B71B5C418B5D36500AD39B2 /* Main_iPhone.storyboard */ = {
			isa = PBXVariantGroup;
			children = (
				9B71B5C518B5D36500AD39B2 /* Base */,
			);
			name = Main_iPhone.storyboard;
			sourceTree = "<group>";
		};
		9B71B5C718B5D36500AD39B2 /* Main_iPad.storyboard */ = {
			isa = PBXVariantGroup;
			children = (
				9B71B5C818B5D36500AD39B2 /* Base */,
			);
			name = Main_iPad.storyboard;
			sourceTree = "<group>";
		};
		9B71B5E018B5D36500AD39B2 /* InfoPlist.strings */ = {
			isa = PBXVariantGroup;
			children = (
				9B71B5E118B5D36500AD39B2 /* en */,
			);
			name = InfoPlist.strings;
			sourceTree = "<group>";
		};
/* End PBXVariantGroup section */

/* Begin XCBuildConfiguration section */
		9B71B5E518B5D36500AD39B2 /* Debug */ = {
			isa = XCBuildConfiguration;
			buildSettings = {
				ALWAYS_SEARCH_USER_PATHS = NO;
				ARCHS = "$(ARCHS_STANDARD_INCLUDING_64_BIT)";
				CLANG_CXX_LANGUAGE_STANDARD = "gnu++0x";
				CLANG_CXX_LIBRARY = "libc++";
				CLANG_ENABLE_MODULES = YES;
				CLANG_ENABLE_OBJC_ARC = YES;
				CLANG_WARN_BOOL_CONVERSION = YES;
				CLANG_WARN_CONSTANT_CONVERSION = YES;
				CLANG_WARN_DIRECT_OBJC_ISA_USAGE = YES_ERROR;
				CLANG_WARN_EMPTY_BODY = YES;
				CLANG_WARN_ENUM_CONVERSION = YES;
				CLANG_WARN_INT_CONVERSION = YES;
				CLANG_WARN_OBJC_ROOT_CLASS = YES_ERROR;
				CLANG_WARN__DUPLICATE_METHOD_MATCH = YES;
				"CODE_SIGN_IDENTITY[sdk=iphoneos*]" = "iPhone Developer";
				COPY_PHASE_STRIP = NO;
				GCC_C_LANGUAGE_STANDARD = gnu99;
				GCC_DYNAMIC_NO_PIC = NO;
				GCC_OPTIMIZATION_LEVEL = 0;
				GCC_PREPROCESSOR_DEFINITIONS = (
					"DEBUG=1",
					"$(inherited)",
				);
				GCC_SYMBOLS_PRIVATE_EXTERN = NO;
				GCC_WARN_64_TO_32_BIT_CONVERSION = YES;
				GCC_WARN_ABOUT_RETURN_TYPE = YES_ERROR;
				GCC_WARN_UNDECLARED_SELECTOR = YES;
				GCC_WARN_UNINITIALIZED_AUTOS = YES;
				GCC_WARN_UNUSED_FUNCTION = YES;
				GCC_WARN_UNUSED_VARIABLE = YES;
				IPHONEOS_DEPLOYMENT_TARGET = 7.0;
				ONLY_ACTIVE_ARCH = YES;
				SDKROOT = iphoneos;
				TARGETED_DEVICE_FAMILY = "1,2";
			};
			name = Debug;
		};
		9B71B5E618B5D36500AD39B2 /* Release */ = {
			isa = XCBuildConfiguration;
			buildSettings = {
				ALWAYS_SEARCH_USER_PATHS = NO;
				ARCHS = "$(ARCHS_STANDARD_INCLUDING_64_BIT)";
				CLANG_CXX_LANGUAGE_STANDARD = "gnu++0x";
				CLANG_CXX_LIBRARY = "libc++";
				CLANG_ENABLE_MODULES = YES;
				CLANG_ENABLE_OBJC_ARC = YES;
				CLANG_WARN_BOOL_CONVERSION = YES;
				CLANG_WARN_CONSTANT_CONVERSION = YES;
				CLANG_WARN_DIRECT_OBJC_ISA_USAGE = YES_ERROR;
				CLANG_WARN_EMPTY_BODY = YES;
				CLANG_WARN_ENUM_CONVERSION = YES;
				CLANG_WARN_INT_CONVERSION = YES;
				CLANG_WARN_OBJC_ROOT_CLASS = YES_ERROR;
				CLANG_WARN__DUPLICATE_METHOD_MATCH = YES;
				"CODE_SIGN_IDENTITY[sdk=iphoneos*]" = "iPhone Developer";
				COPY_PHASE_STRIP = YES;
				ENABLE_NS_ASSERTIONS = NO;
				GCC_C_LANGUAGE_STANDARD = gnu99;
				GCC_WARN_64_TO_32_BIT_CONVERSION = YES;
				GCC_WARN_ABOUT_RETURN_TYPE = YES_ERROR;
				GCC_WARN_UNDECLARED_SELECTOR = YES;
				GCC_WARN_UNINITIALIZED_AUTOS = YES;
				GCC_WARN_UNUSED_FUNCTION = YES;
				GCC_WARN_UNUSED_VARIABLE = YES;
				IPHONEOS_DEPLOYMENT_TARGET = 7.0;
				SDKROOT = iphoneos;
				TARGETED_DEVICE_FAMILY = "1,2";
				VALIDATE_PRODUCT = YES;
			};
			name = Release;
		};
		9B71B5E818B5D36500AD39B2 /* Debug */ = {
			isa = XCBuildConfiguration;
			buildSettings = {
				ASSETCATALOG_COMPILER_APPICON_NAME = AppIcon;
				ASSETCATALOG_COMPILER_LAUNCHIMAGE_NAME = LaunchImage;
				GCC_PRECOMPILE_PREFIX_HEADER = YES;
				GCC_PREFIX_HEADER = "Marcii/Marcii-Prefix.pch";
				INFOPLIST_FILE = "Marcii/Marcii-Info.plist";
				PRODUCT_NAME = "$(TARGET_NAME)";
				WRAPPER_EXTENSION = app;
			};
			name = Debug;
		};
		9B71B5E918B5D36500AD39B2 /* Release */ = {
			isa = XCBuildConfiguration;
			buildSettings = {
				ASSETCATALOG_COMPILER_APPICON_NAME = AppIcon;
				ASSETCATALOG_COMPILER_LAUNCHIMAGE_NAME = LaunchImage;
				GCC_PRECOMPILE_PREFIX_HEADER = YES;
				GCC_PREFIX_HEADER = "Marcii/Marcii-Prefix.pch";
				INFOPLIST_FILE = "Marcii/Marcii-Info.plist";
				PRODUCT_NAME = "$(TARGET_NAME)";
				WRAPPER_EXTENSION = app;
			};
			name = Release;
		};
		9B71B5EB18B5D36500AD39B2 /* Debug */ = {
			isa = XCBuildConfiguration;
			buildSettings = {
				ARCHS = "$(ARCHS_STANDARD_INCLUDING_64_BIT)";
				BUNDLE_LOADER = "$(BUILT_PRODUCTS_DIR)/Marcii.app/Marcii";
				FRAMEWORK_SEARCH_PATHS = (
					"$(SDKROOT)/Developer/Library/Frameworks",
					"$(inherited)",
					"$(DEVELOPER_FRAMEWORKS_DIR)",
				);
				GCC_PRECOMPILE_PREFIX_HEADER = YES;
				GCC_PREFIX_HEADER = "Marcii/Marcii-Prefix.pch";
				GCC_PREPROCESSOR_DEFINITIONS = (
					"DEBUG=1",
					"$(inherited)",
				);
				INFOPLIST_FILE = "MarciiTests/MarciiTests-Info.plist";
				PRODUCT_NAME = "$(TARGET_NAME)";
				TEST_HOST = "$(BUNDLE_LOADER)";
				WRAPPER_EXTENSION = xctest;
			};
			name = Debug;
		};
		9B71B5EC18B5D36500AD39B2 /* Release */ = {
			isa = XCBuildConfiguration;
			buildSettings = {
				ARCHS = "$(ARCHS_STANDARD_INCLUDING_64_BIT)";
				BUNDLE_LOADER = "$(BUILT_PRODUCTS_DIR)/Marcii.app/Marcii";
				FRAMEWORK_SEARCH_PATHS = (
					"$(SDKROOT)/Developer/Library/Frameworks",
					"$(inherited)",
					"$(DEVELOPER_FRAMEWORKS_DIR)",
				);
				GCC_PRECOMPILE_PREFIX_HEADER = YES;
				GCC_PREFIX_HEADER = "Marcii/Marcii-Prefix.pch";
				INFOPLIST_FILE = "MarciiTests/MarciiTests-Info.plist";
				PRODUCT_NAME = "$(TARGET_NAME)";
				TEST_HOST = "$(BUNDLE_LOADER)";
				WRAPPER_EXTENSION = xctest;
			};
			name = Release;
		};
/* End XCBuildConfiguration section */

/* Begin XCConfigurationList section */
		9B71B5AA18B5D36500AD39B2 /* Build configuration list for PBXProject "Marcii" */ = {
			isa = XCConfigurationList;
			buildConfigurations = (
				9B71B5E518B5D36500AD39B2 /* Debug */,
				9B71B5E618B5D36500AD39B2 /* Release */,
			);
			defaultConfigurationIsVisible = 0;
			defaultConfigurationName = Release;
		};
		9B71B5E718B5D36500AD39B2 /* Build configuration list for PBXNativeTarget "Marcii" */ = {
			isa = XCConfigurationList;
			buildConfigurations = (
				9B71B5E818B5D36500AD39B2 /* Debug */,
				9B71B5E918B5D36500AD39B2 /* Release */,
			);
			defaultConfigurationIsVisible = 0;
		};
		9B71B5EA18B5D36500AD39B2 /* Build configuration list for PBXNativeTarget "MarciiTests" */ = {
			isa = XCConfigurationList;
			buildConfigurations = (
				9B71B5EB18B5D36500AD39B2 /* Debug */,
				9B71B5EC18B5D36500AD39B2 /* Release */,
			);
			defaultConfigurationIsVisible = 0;
		};
/* End XCConfigurationList section */
	};
	rootObject = 9B71B5A718B5D36500AD39B2 /* Project object */;
}
